# This file is automatically @generated by Cargo.
# It is not intended for manual editing.
version = 4

[[package]]
name = "empty"
version = "0.0.4"
source = "registry+https://github.com/rust-lang/crates.io-index"
checksum = "9e2daa7afb2ef19daf539258a447749c5c940648fd061244fadcd1b5c14613b0"
dependencies = [
 "void",
]

[[package]]
name = "hello_world_01"
version = "0.1.0"
dependencies = [
 "empty",
]

[[package]]
name = "void"
version = "1.0.2"
source = "registry+https://github.com/rust-lang/crates.io-index"
checksum = "6a02e4885ed3bc0f2de90ea6dd45ebcbb66dacffe03547fadbb0eeae2770887d"
